
Microsoft Visual Studio Solution File, Format Version 12.00
# Visual Studio 2012
Project("{2150E333-8FDC-42A3-9474-1A3956D46DE8}") = "Solution Items", "Solution Items", "{241ADAB3-5A54-40C9-8EAE-14C09748E917}"
	ProjectSection(SolutionItems) = preProject
		JamesDibble.pfx = JamesDibble.pfx
		README.md = README.md
		Settings.StyleCop = Settings.StyleCop
	EndProjectSection
EndProject
Project("{2150E333-8FDC-42A3-9474-1A3956D46DE8}") = "ApplicationFramework", "ApplicationFramework", "{B8CC019E-98FD-4578-8109-E6C8D666FB6E}"
EndProject
Project("{2150E333-8FDC-42A3-9474-1A3956D46DE8}") = "Dependencies", "Dependencies", "{EACBBC29-50E2-49D1-A21A-3631DC7B4737}"
	ProjectSection(SolutionItems) = preProject
		Dependencies\EntityFramework.dll = Dependencies\EntityFramework.dll
		Dependencies\EntityFramework.xml = Dependencies\EntityFramework.xml
		Dependencies\Moq.dll = Dependencies\Moq.dll
		Dependencies\Moq.pdb = Dependencies\Moq.pdb
		Dependencies\Moq.xml = Dependencies\Moq.xml
		Dependencies\System.ComponentModel.Composition.CodePlex.dll = Dependencies\System.ComponentModel.Composition.CodePlex.dll
		Dependencies\System.ComponentModel.Composition.CodePlex.pdb = Dependencies\System.ComponentModel.Composition.CodePlex.pdb
		Dependencies\System.ComponentModel.Composition.Registration.CodePlex.dll = Dependencies\System.ComponentModel.Composition.Registration.CodePlex.dll
		Dependencies\System.ComponentModel.Composition.Registration.CodePlex.pdb = Dependencies\System.ComponentModel.Composition.Registration.CodePlex.pdb
		Dependencies\System.ComponentModel.Composition.Web.Mvc.CodePlex.dll = Dependencies\System.ComponentModel.Composition.Web.Mvc.CodePlex.dll
		Dependencies\System.ComponentModel.Composition.Web.Mvc.CodePlex.pdb = Dependencies\System.ComponentModel.Composition.Web.Mvc.CodePlex.pdb
		Dependencies\System.Reflection.Context.CodePlex.dll = Dependencies\System.Reflection.Context.CodePlex.dll
		Dependencies\System.Reflection.Context.CodePlex.pdb = Dependencies\System.Reflection.Context.CodePlex.pdb
	EndProjectSection
EndProject
Project("{2150E333-8FDC-42A3-9474-1A3956D46DE8}") = "Extensions", "Extensions", "{6427EC68-5517-4DD5-845A-98D94695BDB9}"
EndProject
Project("{2150E333-8FDC-42A3-9474-1A3956D46DE8}") = "UnitTesting", "UnitTesting", "{DC1FFEF9-6378-4F00-AD26-86ED7F8D3CCD}"
EndProject
Project("{2150E333-8FDC-42A3-9474-1A3956D46DE8}") = "ApplicationFramework", "ApplicationFramework", "{0833C853-8D73-4ECB-B209-7A2F375D6DB1}"
EndProject
Project("{2150E333-8FDC-42A3-9474-1A3956D46DE8}") = "Extensions", "Extensions", "{FCA55504-0339-4EF4-B799-8DE02F290C60}"
EndProject
Project("{FAE04EC0-301F-11D3-BF4B-00C04F79EFBC}") = "JamesDibble.Extensions.System", "Extensions\JamesDibble.Extensions.System\JamesDibble.Extensions.System.csproj", "{C2DBAB1F-95CB-425A-A800-06F45001F759}"
EndProject
Project("{FAE04EC0-301F-11D3-BF4B-00C04F79EFBC}") = "JamesDibble.Extensions.System.Data", "Extensions\JamesDibble.Extensions.System.Data\JamesDibble.Extensions.System.Data.csproj", "{70100C35-0ABC-486E-A04D-84055EBEDEB5}"
EndProject
Project("{FAE04EC0-301F-11D3-BF4B-00C04F79EFBC}") = "SystemTests", "UnitTesting\Extensions\SystemTests\SystemTests.csproj", "{83DF8328-D1F5-4BEB-BF30-AC5609BD6BE7}"
EndProject
Project("{FAE04EC0-301F-11D3-BF4B-00C04F79EFBC}") = "Mvc", "Extensions\Mvc\Mvc.csproj", "{4502F0FC-328E-4C7E-B8C3-AC2985F48ABF}"
EndProject
Project("{FAE04EC0-301F-11D3-BF4B-00C04F79EFBC}") = "MvcTests", "UnitTesting\Extensions\MvcTests\MvcTests.csproj", "{A1BAF252-7EC1-4609-916D-A8082D901D3A}"
EndProject
Project("{FAE04EC0-301F-11D3-BF4B-00C04F79EFBC}") = "Configuration", "ApplicationFramework\Configuration\Configuration.csproj", "{02901128-926D-4282-900D-D921C2D8EDC9}"
EndProject
Global
	GlobalSection(SolutionConfigurationPlatforms) = preSolution
		Debug|Any CPU = Debug|Any CPU
		Release|Any CPU = Release|Any CPU
	EndGlobalSection
	GlobalSection(ProjectConfigurationPlatforms) = postSolution
		{C2DBAB1F-95CB-425A-A800-06F45001F759}.Debug|Any CPU.ActiveCfg = Debug|Any CPU
		{C2DBAB1F-95CB-425A-A800-06F45001F759}.Debug|Any CPU.Build.0 = Debug|Any CPU
		{C2DBAB1F-95CB-425A-A800-06F45001F759}.Release|Any CPU.ActiveCfg = Release|Any CPU
		{C2DBAB1F-95CB-425A-A800-06F45001F759}.Release|Any CPU.Build.0 = Release|Any CPU
		{70100C35-0ABC-486E-A04D-84055EBEDEB5}.Debug|Any CPU.ActiveCfg = Debug|Any CPU
		{70100C35-0ABC-486E-A04D-84055EBEDEB5}.Debug|Any CPU.Build.0 = Debug|Any CPU
		{70100C35-0ABC-486E-A04D-84055EBEDEB5}.Release|Any CPU.ActiveCfg = Release|Any CPU
		{70100C35-0ABC-486E-A04D-84055EBEDEB5}.Release|Any CPU.Build.0 = Release|Any CPU
		{83DF8328-D1F5-4BEB-BF30-AC5609BD6BE7}.Debug|Any CPU.ActiveCfg = Debug|Any CPU
		{83DF8328-D1F5-4BEB-BF30-AC5609BD6BE7}.Debug|Any CPU.Build.0 = Debug|Any CPU
		{83DF8328-D1F5-4BEB-BF30-AC5609BD6BE7}.Release|Any CPU.ActiveCfg = Release|Any CPU
		{83DF8328-D1F5-4BEB-BF30-AC5609BD6BE7}.Release|Any CPU.Build.0 = Release|Any CPU
		{4502F0FC-328E-4C7E-B8C3-AC2985F48ABF}.Debug|Any CPU.ActiveCfg = Debug|Any CPU
		{4502F0FC-328E-4C7E-B8C3-AC2985F48ABF}.Debug|Any CPU.Build.0 = Debug|Any CPU
		{4502F0FC-328E-4C7E-B8C3-AC2985F48ABF}.Release|Any CPU.ActiveCfg = Release|Any CPU
		{4502F0FC-328E-4C7E-B8C3-AC2985F48ABF}.Release|Any CPU.Build.0 = Release|Any CPU
		{A1BAF252-7EC1-4609-916D-A8082D901D3A}.Debug|Any CPU.ActiveCfg = Debug|Any CPU
		{A1BAF252-7EC1-4609-916D-A8082D901D3A}.Debug|Any CPU.Build.0 = Debug|Any CPU
		{A1BAF252-7EC1-4609-916D-A8082D901D3A}.Release|Any CPU.ActiveCfg = Release|Any CPU
		{A1BAF252-7EC1-4609-916D-A8082D901D3A}.Release|Any CPU.Build.0 = Release|Any CPU
		{02901128-926D-4282-900D-D921C2D8EDC9}.Debug|Any CPU.ActiveCfg = Debug|Any CPU
		{02901128-926D-4282-900D-D921C2D8EDC9}.Debug|Any CPU.Build.0 = Debug|Any CPU
		{02901128-926D-4282-900D-D921C2D8EDC9}.Release|Any CPU.ActiveCfg = Release|Any CPU
		{02901128-926D-4282-900D-D921C2D8EDC9}.Release|Any CPU.Build.0 = Release|Any CPU
	EndGlobalSection
	GlobalSection(SolutionProperties) = preSolution
		HideSolutionNode = FALSE
	EndGlobalSection
	GlobalSection(NestedProjects) = preSolution
		{02901128-926D-4282-900D-D921C2D8EDC9} = {B8CC019E-98FD-4578-8109-E6C8D666FB6E}
		{C2DBAB1F-95CB-425A-A800-06F45001F759} = {6427EC68-5517-4DD5-845A-98D94695BDB9}
		{70100C35-0ABC-486E-A04D-84055EBEDEB5} = {6427EC68-5517-4DD5-845A-98D94695BDB9}
		{4502F0FC-328E-4C7E-B8C3-AC2985F48ABF} = {6427EC68-5517-4DD5-845A-98D94695BDB9}
		{0833C853-8D73-4ECB-B209-7A2F375D6DB1} = {DC1FFEF9-6378-4F00-AD26-86ED7F8D3CCD}
		{FCA55504-0339-4EF4-B799-8DE02F290C60} = {DC1FFEF9-6378-4F00-AD26-86ED7F8D3CCD}
		{83DF8328-D1F5-4BEB-BF30-AC5609BD6BE7} = {FCA55504-0339-4EF4-B799-8DE02F290C60}
		{A1BAF252-7EC1-4609-916D-A8082D901D3A} = {FCA55504-0339-4EF4-B799-8DE02F290C60}
	EndGlobalSection
EndGlobal
