
Microsoft Visual Studio Solution File, Format Version 12.00
# Visual Studio 2012
Project("{2150E333-8FDC-42A3-9474-1A3956D46DE8}") = "Solution Items", "Solution Items", "{241ADAB3-5A54-40C9-8EAE-14C09748E917}"
	ProjectSection(SolutionItems) = preProject
		CodeAnalysisDictionary.xml = CodeAnalysisDictionary.xml
		JamesDibble.pfx = JamesDibble.pfx
		README.md = README.md
		Settings.StyleCop = Settings.StyleCop
	EndProjectSection
EndProject
Project("{2150E333-8FDC-42A3-9474-1A3956D46DE8}") = "ApplicationFramework", "ApplicationFramework", "{B8CC019E-98FD-4578-8109-E6C8D666FB6E}"
EndProject
Project("{2150E333-8FDC-42A3-9474-1A3956D46DE8}") = "Dependencies", "Dependencies", "{EACBBC29-50E2-49D1-A21A-3631DC7B4737}"
	ProjectSection(SolutionItems) = preProject
		Dependencies\EntityFramework.dll = Dependencies\EntityFramework.dll
		Dependencies\EntityFramework.xml = Dependencies\EntityFramework.xml
		Dependencies\Microsoft.Practices.ServiceLocation.dll = Dependencies\Microsoft.Practices.ServiceLocation.dll
		Dependencies\Microsoft.Practices.Unity.Configuration.dll = Dependencies\Microsoft.Practices.Unity.Configuration.dll
		Dependencies\Microsoft.Practices.Unity.Configuration.xml = Dependencies\Microsoft.Practices.Unity.Configuration.xml
		Dependencies\Microsoft.Practices.Unity.dll = Dependencies\Microsoft.Practices.Unity.dll
		Dependencies\Microsoft.Practices.Unity.Interception.Configuration.dll = Dependencies\Microsoft.Practices.Unity.Interception.Configuration.dll
		Dependencies\Microsoft.Practices.Unity.Interception.Configuration.xml = Dependencies\Microsoft.Practices.Unity.Interception.Configuration.xml
		Dependencies\Microsoft.Practices.Unity.Interception.dll = Dependencies\Microsoft.Practices.Unity.Interception.dll
		Dependencies\Microsoft.Practices.Unity.Interception.xml = Dependencies\Microsoft.Practices.Unity.Interception.xml
		Dependencies\Microsoft.Practices.Unity.xml = Dependencies\Microsoft.Practices.Unity.xml
		Dependencies\Moq.dll = Dependencies\Moq.dll
		Dependencies\Moq.pdb = Dependencies\Moq.pdb
		Dependencies\Moq.xml = Dependencies\Moq.xml
		Dependencies\System.ComponentModel.Composition.CodePlex.dll = Dependencies\System.ComponentModel.Composition.CodePlex.dll
		Dependencies\System.ComponentModel.Composition.CodePlex.pdb = Dependencies\System.ComponentModel.Composition.CodePlex.pdb
		Dependencies\System.ComponentModel.Composition.Registration.CodePlex.dll = Dependencies\System.ComponentModel.Composition.Registration.CodePlex.dll
		Dependencies\System.ComponentModel.Composition.Registration.CodePlex.pdb = Dependencies\System.ComponentModel.Composition.Registration.CodePlex.pdb
		Dependencies\System.ComponentModel.Composition.Web.Mvc.CodePlex.dll = Dependencies\System.ComponentModel.Composition.Web.Mvc.CodePlex.dll
		Dependencies\System.ComponentModel.Composition.Web.Mvc.CodePlex.pdb = Dependencies\System.ComponentModel.Composition.Web.Mvc.CodePlex.pdb
		Dependencies\System.Reflection.Context.CodePlex.dll = Dependencies\System.Reflection.Context.CodePlex.dll
		Dependencies\System.Reflection.Context.CodePlex.pdb = Dependencies\System.Reflection.Context.CodePlex.pdb
	EndProjectSection
EndProject
Project("{2150E333-8FDC-42A3-9474-1A3956D46DE8}") = "Extensions", "Extensions", "{6427EC68-5517-4DD5-845A-98D94695BDB9}"
EndProject
Project("{2150E333-8FDC-42A3-9474-1A3956D46DE8}") = "UnitTesting", "UnitTesting", "{DC1FFEF9-6378-4F00-AD26-86ED7F8D3CCD}"
EndProject
Project("{2150E333-8FDC-42A3-9474-1A3956D46DE8}") = "ApplicationFramework", "ApplicationFramework", "{0833C853-8D73-4ECB-B209-7A2F375D6DB1}"
EndProject
Project("{2150E333-8FDC-42A3-9474-1A3956D46DE8}") = "Extensions", "Extensions", "{FCA55504-0339-4EF4-B799-8DE02F290C60}"
EndProject
Project("{FAE04EC0-301F-11D3-BF4B-00C04F79EFBC}") = "JamesDibble.Extensions.System", "Extensions\JamesDibble.Extensions.System\JamesDibble.Extensions.System.csproj", "{C2DBAB1F-95CB-425A-A800-06F45001F759}"
EndProject
Project("{FAE04EC0-301F-11D3-BF4B-00C04F79EFBC}") = "JamesDibble.Extensions.System.Data", "Extensions\JamesDibble.Extensions.System.Data\JamesDibble.Extensions.System.Data.csproj", "{70100C35-0ABC-486E-A04D-84055EBEDEB5}"
EndProject
Project("{FAE04EC0-301F-11D3-BF4B-00C04F79EFBC}") = "SystemTests", "UnitTesting\Extensions\SystemTests\SystemTests.csproj", "{83DF8328-D1F5-4BEB-BF30-AC5609BD6BE7}"
EndProject
Project("{FAE04EC0-301F-11D3-BF4B-00C04F79EFBC}") = "Mvc", "Extensions\Mvc\Mvc.csproj", "{4502F0FC-328E-4C7E-B8C3-AC2985F48ABF}"
EndProject
Project("{FAE04EC0-301F-11D3-BF4B-00C04F79EFBC}") = "MvcTests", "UnitTesting\Extensions\MvcTests\MvcTests.csproj", "{A1BAF252-7EC1-4609-916D-A8082D901D3A}"
EndProject
Project("{FAE04EC0-301F-11D3-BF4B-00C04F79EFBC}") = "Configuration", "ApplicationFramework\Configuration\Configuration.csproj", "{02901128-926D-4282-900D-D921C2D8EDC9}"
EndProject
Project("{2150E333-8FDC-42A3-9474-1A3956D46DE8}") = "Data", "Data", "{A3B9B852-7E7D-4DD4-9D40-17AB279AFE9C}"
EndProject
Project("{2150E333-8FDC-42A3-9474-1A3956D46DE8}") = "Data", "Data", "{73E98DED-21C8-4EB1-B735-E5E639330BB4}"
EndProject
Project("{FAE04EC0-301F-11D3-BF4B-00C04F79EFBC}") = "Persistence", "ApplicationFramework\Data\Persistence\Persistence.csproj", "{4115485B-45E2-4BE7-9E6F-1B9661BF669A}"
EndProject
Project("{FAE04EC0-301F-11D3-BF4B-00C04F79EFBC}") = "PersistenceTests", "UnitTesting\ApplicationFramework\Data\PersistenceTests\PersistenceTests.csproj", "{F5110B1C-E711-48FD-87CA-A76662A86D6A}"
EndProject
Project("{FAE04EC0-301F-11D3-BF4B-00C04F79EFBC}") = "Persistence.EntityFramework", "ApplicationFramework\Data\Persistence.EntityFramework\Persistence.EntityFramework.csproj", "{1184A1D2-9269-49AB-B389-01578EA2C12E}"
EndProject
Project("{FAE04EC0-301F-11D3-BF4B-00C04F79EFBC}") = "Persistence.StoredProcedureMapping", "ApplicationFramework\Data\Persistence.StoredProcedureMapping\Persistence.StoredProcedureMapping.csproj", "{94FD34CB-32EB-4724-9ACD-893D7781CD41}"
EndProject
Project("{FAE04EC0-301F-11D3-BF4B-00C04F79EFBC}") = "Persitence.StoredProcedureMappingTests", "UnitTesting\ApplicationFramework\Data\Persitence.StoredProcedureMappingTests\Persitence.StoredProcedureMappingTests.csproj", "{7B5906D1-4DF7-48AF-986C-D1DCCBC828EA}"
EndProject
Project("{2150E333-8FDC-42A3-9474-1A3956D46DE8}") = "ServiceBus", "ServiceBus", "{2B8104D4-61B5-4E23-978B-85A00A7F7BBD}"
EndProject
Project("{2150E333-8FDC-42A3-9474-1A3956D46DE8}") = "ServiceBus", "ServiceBus", "{CBA8A6D0-E118-433A-86D6-14626BA85E84}"
EndProject
Project("{FAE04EC0-301F-11D3-BF4B-00C04F79EFBC}") = "ConfigurationTests", "UnitTesting\ServiceBus\ConfigurationTests\ConfigurationTests.csproj", "{9CFDE7D7-C7B5-4003-BCD6-FCA9FB565DC7}"
EndProject
Project("{2150E333-8FDC-42A3-9474-1A3956D46DE8}") = "Queueing", "Queueing", "{7BB722EA-81E1-4586-BD54-9E4539162A82}"
EndProject
Project("{FAE04EC0-301F-11D3-BF4B-00C04F79EFBC}") = "Queueing.SqlLite", "ServiceBus\Queueing\Queueing.SqlLite\Queueing.SqlLite.csproj", "{181859CD-0F55-4610-9182-37E46D60FB5A}"
EndProject
Project("{FAE04EC0-301F-11D3-BF4B-00C04F79EFBC}") = "Queueing.Msmq", "ServiceBus\Queueing\Queueing.Msmq\Queueing.Msmq.csproj", "{69BD6F98-3C1E-497D-B4EC-D0AABF292856}"
EndProject
Project("{FAE04EC0-301F-11D3-BF4B-00C04F79EFBC}") = "Queueing", "ServiceBus\Queueing\Queueing\Queueing.csproj", "{446A9C7B-1BC3-4796-B994-473B49A778B6}"
EndProject
Project("{2150E333-8FDC-42A3-9474-1A3956D46DE8}") = "IntegrationTests", "IntegrationTests", "{E922A446-7186-4F6A-BFAB-7A48DF1ACB3F}"
EndProject
Project("{2150E333-8FDC-42A3-9474-1A3956D46DE8}") = "ServiceBus", "ServiceBus", "{22D2E874-52FC-4D09-A8A7-AAACED12C100}"
EndProject
Project("{2150E333-8FDC-42A3-9474-1A3956D46DE8}") = "Queueing", "Queueing", "{821F04F1-E443-49FC-94E7-17407CEDA484}"
EndProject
Project("{FAE04EC0-301F-11D3-BF4B-00C04F79EFBC}") = "TestMsmqClient", "IntegrationTests\ServiceBus\Queueing\TestMsmqClient\TestMsmqClient.csproj", "{3D1F310D-1C87-4F80-BCEA-668B1243C676}"
EndProject
Project("{FAE04EC0-301F-11D3-BF4B-00C04F79EFBC}") = "QueueingTests.Common", "IntegrationTests\ServiceBus\Queueing\QueueingTests.Common\QueueingTests.Common.csproj", "{0FAB8300-B468-4CC5-8D88-5B0D4FA8E872}"
EndProject
Project("{FAE04EC0-301F-11D3-BF4B-00C04F79EFBC}") = "TestMsmqEventHandler", "IntegrationTests\ServiceBus\Queueing\TestMsmqEventHandler\TestMsmqEventHandler.csproj", "{4F8F2316-EA4B-447D-B8BD-4E53D3E1AD48}"
EndProject
Project("{FAE04EC0-301F-11D3-BF4B-00C04F79EFBC}") = "ServiceBus.Core", "ServiceBus\ServiceBus.Core\ServiceBus.Core.csproj", "{E429F6B4-7E9C-4B4E-96C5-48C68AFA28D2}"
EndProject
Project("{FAE04EC0-301F-11D3-BF4B-00C04F79EFBC}") = "ServiceBus.Configuration", "ServiceBus\ServiceBus.Configuration\ServiceBus.Configuration.csproj", "{A721808E-EE0A-460F-A12A-5E5387E15C46}"
EndProject
Project("{FAE04EC0-301F-11D3-BF4B-00C04F79EFBC}") = "ServiceBus.Common", "ServiceBus\ServiceBus.Common\ServiceBus.Common.csproj", "{A8AE9A0E-B0DA-440A-8ADD-00E042F0F3AF}"
EndProject
Project("{FAE04EC0-301F-11D3-BF4B-00C04F79EFBC}") = "Composition", "ApplicationFramework\Composition\Composition.csproj", "{8D7494C0-B308-4FB5-AD50-C9D255895DF6}"
EndProject
Global
	GlobalSection(SolutionConfigurationPlatforms) = preSolution
		Debug|Any CPU = Debug|Any CPU
		Release|Any CPU = Release|Any CPU
	EndGlobalSection
	GlobalSection(ProjectConfigurationPlatforms) = postSolution
		{C2DBAB1F-95CB-425A-A800-06F45001F759}.Debug|Any CPU.ActiveCfg = Debug|Any CPU
		{C2DBAB1F-95CB-425A-A800-06F45001F759}.Debug|Any CPU.Build.0 = Debug|Any CPU
		{C2DBAB1F-95CB-425A-A800-06F45001F759}.Release|Any CPU.ActiveCfg = Release|Any CPU
		{C2DBAB1F-95CB-425A-A800-06F45001F759}.Release|Any CPU.Build.0 = Release|Any CPU
		{70100C35-0ABC-486E-A04D-84055EBEDEB5}.Debug|Any CPU.ActiveCfg = Debug|Any CPU
		{70100C35-0ABC-486E-A04D-84055EBEDEB5}.Debug|Any CPU.Build.0 = Debug|Any CPU
		{70100C35-0ABC-486E-A04D-84055EBEDEB5}.Release|Any CPU.ActiveCfg = Release|Any CPU
		{70100C35-0ABC-486E-A04D-84055EBEDEB5}.Release|Any CPU.Build.0 = Release|Any CPU
		{83DF8328-D1F5-4BEB-BF30-AC5609BD6BE7}.Debug|Any CPU.ActiveCfg = Debug|Any CPU
		{83DF8328-D1F5-4BEB-BF30-AC5609BD6BE7}.Debug|Any CPU.Build.0 = Debug|Any CPU
		{83DF8328-D1F5-4BEB-BF30-AC5609BD6BE7}.Release|Any CPU.ActiveCfg = Release|Any CPU
		{83DF8328-D1F5-4BEB-BF30-AC5609BD6BE7}.Release|Any CPU.Build.0 = Release|Any CPU
		{4502F0FC-328E-4C7E-B8C3-AC2985F48ABF}.Debug|Any CPU.ActiveCfg = Debug|Any CPU
		{4502F0FC-328E-4C7E-B8C3-AC2985F48ABF}.Debug|Any CPU.Build.0 = Debug|Any CPU
		{4502F0FC-328E-4C7E-B8C3-AC2985F48ABF}.Release|Any CPU.ActiveCfg = Release|Any CPU
		{4502F0FC-328E-4C7E-B8C3-AC2985F48ABF}.Release|Any CPU.Build.0 = Release|Any CPU
		{A1BAF252-7EC1-4609-916D-A8082D901D3A}.Debug|Any CPU.ActiveCfg = Debug|Any CPU
		{A1BAF252-7EC1-4609-916D-A8082D901D3A}.Debug|Any CPU.Build.0 = Debug|Any CPU
		{A1BAF252-7EC1-4609-916D-A8082D901D3A}.Release|Any CPU.ActiveCfg = Release|Any CPU
		{A1BAF252-7EC1-4609-916D-A8082D901D3A}.Release|Any CPU.Build.0 = Release|Any CPU
		{02901128-926D-4282-900D-D921C2D8EDC9}.Debug|Any CPU.ActiveCfg = Debug|Any CPU
		{02901128-926D-4282-900D-D921C2D8EDC9}.Debug|Any CPU.Build.0 = Debug|Any CPU
		{02901128-926D-4282-900D-D921C2D8EDC9}.Release|Any CPU.ActiveCfg = Release|Any CPU
		{02901128-926D-4282-900D-D921C2D8EDC9}.Release|Any CPU.Build.0 = Release|Any CPU
		{4115485B-45E2-4BE7-9E6F-1B9661BF669A}.Debug|Any CPU.ActiveCfg = Debug|Any CPU
		{4115485B-45E2-4BE7-9E6F-1B9661BF669A}.Debug|Any CPU.Build.0 = Debug|Any CPU
		{4115485B-45E2-4BE7-9E6F-1B9661BF669A}.Release|Any CPU.ActiveCfg = Release|Any CPU
		{4115485B-45E2-4BE7-9E6F-1B9661BF669A}.Release|Any CPU.Build.0 = Release|Any CPU
		{F5110B1C-E711-48FD-87CA-A76662A86D6A}.Debug|Any CPU.ActiveCfg = Debug|Any CPU
		{F5110B1C-E711-48FD-87CA-A76662A86D6A}.Debug|Any CPU.Build.0 = Debug|Any CPU
		{F5110B1C-E711-48FD-87CA-A76662A86D6A}.Release|Any CPU.ActiveCfg = Release|Any CPU
		{F5110B1C-E711-48FD-87CA-A76662A86D6A}.Release|Any CPU.Build.0 = Release|Any CPU
		{1184A1D2-9269-49AB-B389-01578EA2C12E}.Debug|Any CPU.ActiveCfg = Debug|Any CPU
		{1184A1D2-9269-49AB-B389-01578EA2C12E}.Debug|Any CPU.Build.0 = Debug|Any CPU
		{1184A1D2-9269-49AB-B389-01578EA2C12E}.Release|Any CPU.ActiveCfg = Release|Any CPU
		{1184A1D2-9269-49AB-B389-01578EA2C12E}.Release|Any CPU.Build.0 = Release|Any CPU
		{94FD34CB-32EB-4724-9ACD-893D7781CD41}.Debug|Any CPU.ActiveCfg = Debug|Any CPU
		{94FD34CB-32EB-4724-9ACD-893D7781CD41}.Debug|Any CPU.Build.0 = Debug|Any CPU
		{94FD34CB-32EB-4724-9ACD-893D7781CD41}.Release|Any CPU.ActiveCfg = Release|Any CPU
		{94FD34CB-32EB-4724-9ACD-893D7781CD41}.Release|Any CPU.Build.0 = Release|Any CPU
		{7B5906D1-4DF7-48AF-986C-D1DCCBC828EA}.Debug|Any CPU.ActiveCfg = Debug|Any CPU
		{7B5906D1-4DF7-48AF-986C-D1DCCBC828EA}.Debug|Any CPU.Build.0 = Debug|Any CPU
		{7B5906D1-4DF7-48AF-986C-D1DCCBC828EA}.Release|Any CPU.ActiveCfg = Release|Any CPU
		{7B5906D1-4DF7-48AF-986C-D1DCCBC828EA}.Release|Any CPU.Build.0 = Release|Any CPU
		{9CFDE7D7-C7B5-4003-BCD6-FCA9FB565DC7}.Debug|Any CPU.ActiveCfg = Debug|Any CPU
		{9CFDE7D7-C7B5-4003-BCD6-FCA9FB565DC7}.Debug|Any CPU.Build.0 = Debug|Any CPU
		{9CFDE7D7-C7B5-4003-BCD6-FCA9FB565DC7}.Release|Any CPU.ActiveCfg = Release|Any CPU
		{9CFDE7D7-C7B5-4003-BCD6-FCA9FB565DC7}.Release|Any CPU.Build.0 = Release|Any CPU
		{181859CD-0F55-4610-9182-37E46D60FB5A}.Debug|Any CPU.ActiveCfg = Debug|Any CPU
		{181859CD-0F55-4610-9182-37E46D60FB5A}.Debug|Any CPU.Build.0 = Debug|Any CPU
		{181859CD-0F55-4610-9182-37E46D60FB5A}.Release|Any CPU.ActiveCfg = Release|Any CPU
		{181859CD-0F55-4610-9182-37E46D60FB5A}.Release|Any CPU.Build.0 = Release|Any CPU
		{69BD6F98-3C1E-497D-B4EC-D0AABF292856}.Debug|Any CPU.ActiveCfg = Debug|Any CPU
		{69BD6F98-3C1E-497D-B4EC-D0AABF292856}.Debug|Any CPU.Build.0 = Debug|Any CPU
		{69BD6F98-3C1E-497D-B4EC-D0AABF292856}.Release|Any CPU.ActiveCfg = Release|Any CPU
		{69BD6F98-3C1E-497D-B4EC-D0AABF292856}.Release|Any CPU.Build.0 = Release|Any CPU
		{446A9C7B-1BC3-4796-B994-473B49A778B6}.Debug|Any CPU.ActiveCfg = Debug|Any CPU
		{446A9C7B-1BC3-4796-B994-473B49A778B6}.Debug|Any CPU.Build.0 = Debug|Any CPU
		{446A9C7B-1BC3-4796-B994-473B49A778B6}.Release|Any CPU.ActiveCfg = Release|Any CPU
		{446A9C7B-1BC3-4796-B994-473B49A778B6}.Release|Any CPU.Build.0 = Release|Any CPU
		{3D1F310D-1C87-4F80-BCEA-668B1243C676}.Debug|Any CPU.ActiveCfg = Debug|Any CPU
		{3D1F310D-1C87-4F80-BCEA-668B1243C676}.Debug|Any CPU.Build.0 = Debug|Any CPU
		{3D1F310D-1C87-4F80-BCEA-668B1243C676}.Release|Any CPU.ActiveCfg = Release|Any CPU
		{3D1F310D-1C87-4F80-BCEA-668B1243C676}.Release|Any CPU.Build.0 = Release|Any CPU
		{0FAB8300-B468-4CC5-8D88-5B0D4FA8E872}.Debug|Any CPU.ActiveCfg = Debug|Any CPU
		{0FAB8300-B468-4CC5-8D88-5B0D4FA8E872}.Debug|Any CPU.Build.0 = Debug|Any CPU
		{0FAB8300-B468-4CC5-8D88-5B0D4FA8E872}.Release|Any CPU.ActiveCfg = Release|Any CPU
		{0FAB8300-B468-4CC5-8D88-5B0D4FA8E872}.Release|Any CPU.Build.0 = Release|Any CPU
		{4F8F2316-EA4B-447D-B8BD-4E53D3E1AD48}.Debug|Any CPU.ActiveCfg = Debug|Any CPU
		{4F8F2316-EA4B-447D-B8BD-4E53D3E1AD48}.Debug|Any CPU.Build.0 = Debug|Any CPU
		{4F8F2316-EA4B-447D-B8BD-4E53D3E1AD48}.Release|Any CPU.ActiveCfg = Release|Any CPU
		{4F8F2316-EA4B-447D-B8BD-4E53D3E1AD48}.Release|Any CPU.Build.0 = Release|Any CPU
		{E429F6B4-7E9C-4B4E-96C5-48C68AFA28D2}.Debug|Any CPU.ActiveCfg = Debug|Any CPU
		{E429F6B4-7E9C-4B4E-96C5-48C68AFA28D2}.Debug|Any CPU.Build.0 = Debug|Any CPU
		{E429F6B4-7E9C-4B4E-96C5-48C68AFA28D2}.Release|Any CPU.ActiveCfg = Release|Any CPU
		{E429F6B4-7E9C-4B4E-96C5-48C68AFA28D2}.Release|Any CPU.Build.0 = Release|Any CPU
		{A721808E-EE0A-460F-A12A-5E5387E15C46}.Debug|Any CPU.ActiveCfg = Debug|Any CPU
		{A721808E-EE0A-460F-A12A-5E5387E15C46}.Debug|Any CPU.Build.0 = Debug|Any CPU
		{A721808E-EE0A-460F-A12A-5E5387E15C46}.Release|Any CPU.ActiveCfg = Release|Any CPU
		{A721808E-EE0A-460F-A12A-5E5387E15C46}.Release|Any CPU.Build.0 = Release|Any CPU
		{A8AE9A0E-B0DA-440A-8ADD-00E042F0F3AF}.Debug|Any CPU.ActiveCfg = Debug|Any CPU
		{A8AE9A0E-B0DA-440A-8ADD-00E042F0F3AF}.Debug|Any CPU.Build.0 = Debug|Any CPU
		{A8AE9A0E-B0DA-440A-8ADD-00E042F0F3AF}.Release|Any CPU.ActiveCfg = Release|Any CPU
		{A8AE9A0E-B0DA-440A-8ADD-00E042F0F3AF}.Release|Any CPU.Build.0 = Release|Any CPU
		{8D7494C0-B308-4FB5-AD50-C9D255895DF6}.Debug|Any CPU.ActiveCfg = Debug|Any CPU
		{8D7494C0-B308-4FB5-AD50-C9D255895DF6}.Debug|Any CPU.Build.0 = Debug|Any CPU
		{8D7494C0-B308-4FB5-AD50-C9D255895DF6}.Release|Any CPU.ActiveCfg = Release|Any CPU
		{8D7494C0-B308-4FB5-AD50-C9D255895DF6}.Release|Any CPU.Build.0 = Release|Any CPU
	EndGlobalSection
	GlobalSection(SolutionProperties) = preSolution
		HideSolutionNode = FALSE
	EndGlobalSection
	GlobalSection(NestedProjects) = preSolution
		{02901128-926D-4282-900D-D921C2D8EDC9} = {B8CC019E-98FD-4578-8109-E6C8D666FB6E}
		{A3B9B852-7E7D-4DD4-9D40-17AB279AFE9C} = {B8CC019E-98FD-4578-8109-E6C8D666FB6E}
		{8D7494C0-B308-4FB5-AD50-C9D255895DF6} = {B8CC019E-98FD-4578-8109-E6C8D666FB6E}
		{C2DBAB1F-95CB-425A-A800-06F45001F759} = {6427EC68-5517-4DD5-845A-98D94695BDB9}
		{70100C35-0ABC-486E-A04D-84055EBEDEB5} = {6427EC68-5517-4DD5-845A-98D94695BDB9}
		{4502F0FC-328E-4C7E-B8C3-AC2985F48ABF} = {6427EC68-5517-4DD5-845A-98D94695BDB9}
		{0833C853-8D73-4ECB-B209-7A2F375D6DB1} = {DC1FFEF9-6378-4F00-AD26-86ED7F8D3CCD}
		{FCA55504-0339-4EF4-B799-8DE02F290C60} = {DC1FFEF9-6378-4F00-AD26-86ED7F8D3CCD}
		{CBA8A6D0-E118-433A-86D6-14626BA85E84} = {DC1FFEF9-6378-4F00-AD26-86ED7F8D3CCD}
		{73E98DED-21C8-4EB1-B735-E5E639330BB4} = {0833C853-8D73-4ECB-B209-7A2F375D6DB1}
		{83DF8328-D1F5-4BEB-BF30-AC5609BD6BE7} = {FCA55504-0339-4EF4-B799-8DE02F290C60}
		{A1BAF252-7EC1-4609-916D-A8082D901D3A} = {FCA55504-0339-4EF4-B799-8DE02F290C60}
		{4115485B-45E2-4BE7-9E6F-1B9661BF669A} = {A3B9B852-7E7D-4DD4-9D40-17AB279AFE9C}
		{1184A1D2-9269-49AB-B389-01578EA2C12E} = {A3B9B852-7E7D-4DD4-9D40-17AB279AFE9C}
		{94FD34CB-32EB-4724-9ACD-893D7781CD41} = {A3B9B852-7E7D-4DD4-9D40-17AB279AFE9C}
		{F5110B1C-E711-48FD-87CA-A76662A86D6A} = {73E98DED-21C8-4EB1-B735-E5E639330BB4}
		{7B5906D1-4DF7-48AF-986C-D1DCCBC828EA} = {73E98DED-21C8-4EB1-B735-E5E639330BB4}
		{7BB722EA-81E1-4586-BD54-9E4539162A82} = {2B8104D4-61B5-4E23-978B-85A00A7F7BBD}
		{E429F6B4-7E9C-4B4E-96C5-48C68AFA28D2} = {2B8104D4-61B5-4E23-978B-85A00A7F7BBD}
		{A721808E-EE0A-460F-A12A-5E5387E15C46} = {2B8104D4-61B5-4E23-978B-85A00A7F7BBD}
		{A8AE9A0E-B0DA-440A-8ADD-00E042F0F3AF} = {2B8104D4-61B5-4E23-978B-85A00A7F7BBD}
		{9CFDE7D7-C7B5-4003-BCD6-FCA9FB565DC7} = {CBA8A6D0-E118-433A-86D6-14626BA85E84}
		{181859CD-0F55-4610-9182-37E46D60FB5A} = {7BB722EA-81E1-4586-BD54-9E4539162A82}
		{69BD6F98-3C1E-497D-B4EC-D0AABF292856} = {7BB722EA-81E1-4586-BD54-9E4539162A82}
		{446A9C7B-1BC3-4796-B994-473B49A778B6} = {7BB722EA-81E1-4586-BD54-9E4539162A82}
		{22D2E874-52FC-4D09-A8A7-AAACED12C100} = {E922A446-7186-4F6A-BFAB-7A48DF1ACB3F}
		{821F04F1-E443-49FC-94E7-17407CEDA484} = {22D2E874-52FC-4D09-A8A7-AAACED12C100}
		{3D1F310D-1C87-4F80-BCEA-668B1243C676} = {821F04F1-E443-49FC-94E7-17407CEDA484}
		{0FAB8300-B468-4CC5-8D88-5B0D4FA8E872} = {821F04F1-E443-49FC-94E7-17407CEDA484}
		{4F8F2316-EA4B-447D-B8BD-4E53D3E1AD48} = {821F04F1-E443-49FC-94E7-17407CEDA484}
	EndGlobalSection
	GlobalSection(ExtensibilityGlobals) = postSolution
		EnterpriseLibraryConfigurationToolBinariesPath = packages\Unity.2.1.505.2\lib\NET35
	EndGlobalSection
EndGlobal
